Microsoft Visual Studio Solution File, Format Version 12.00
# Visual Studio Version 17
VisualStudioVersion = 17.5.2.0
MinimumVisualStudioVersion = 10.0.40219.1
Project("{FAE04EC0-301F-11D3-BF4B-00C04F79EFBC}") = "tl1-tp6-2025-psrr10", "tl1-tp6-2025-psrr10.csproj", "{A1160BA5-5737-B47C-59EB-7B4A0A747C42}"
EndProject
Global
	GlobalSection(SolutionConfigurationPlatforms) = preSolution
		Debug|Any CPU = Debug|Any CPU
		Release|Any CPU = Release|Any CPU
	EndGlobalSection
	GlobalSection(ProjectConfigurationPlatforms) = postSolution
		{A1160BA5-5737-B47C-59EB-7B4A0A747C42}.Debug|Any CPU.ActiveCfg = Debug|Any CPU
		{A1160BA5-5737-B47C-59EB-7B4A0A747C42}.Debug|Any CPU.Build.0 = Debug|Any CPU
		{A1160BA5-5737-B47C-59EB-7B4A0A747C42}.Release|Any CPU.ActiveCfg = Release|Any CPU
		{A1160BA5-5737-B47C-59EB-7B4A0A747C42}.Release|Any CPU.Build.0 = Release|Any CPU
	EndGlobalSection
	GlobalSection(SolutionProperties) = preSolution
		HideSolutionNode = FALSE
	EndGlobalSection
	GlobalSection(ExtensibilityGlobals) = postSolution
		SolutionGuid = {5BFDC30F-0393-45A5-84D4-1894A48AA2F7}
	EndGlobalSection
EndGlobal
